
Microsoft Visual Studio Solution File, Format Version 12.00
# Visual Studio 15
VisualStudioVersion = 15.0.28307.438
MinimumVisualStudioVersion = 10.0.40219.1
Project("{FAE04EC0-301F-11D3-BF4B-00C04F79EFBC}") = "PSR", "PSR\PSR.csproj", "{5C0567C7-99BA-40BF-8C78-7D5669FEAE67}"
EndProject
Global
	GlobalSection(SolutionConfigurationPlatforms) = preSolution
		Debug|Any CPU = Debug|Any CPU
		Release|Any CPU = Release|Any CPU
	EndGlobalSection
	GlobalSection(ProjectConfigurationPlatforms) = postSolution
		{5C0567C7-99BA-40BF-8C78-7D5669FEAE67}.Debug|Any CPU.ActiveCfg = Debug|Any CPU
		{5C0567C7-99BA-40BF-8C78-7D5669FEAE67}.Debug|Any CPU.Build.0 = Debug|Any CPU
		{5C0567C7-99BA-40BF-8C78-7D5669FEAE67}.Release|Any CPU.ActiveCfg = Release|Any CPU
		{5C0567C7-99BA-40BF-8C78-7D5669FEAE67}.Release|Any CPU.Build.0 = Release|Any CPU
	EndGlobalSection
	GlobalSection(SolutionProperties) = preSolution
		HideSolutionNode = FALSE
	EndGlobalSection
	GlobalSection(ExtensibilityGlobals) = postSolution
		SolutionGuid = {797EA241-EC1E-4B72-9F2C-2C4F540AB77A}
	EndGlobalSection
EndGlobal
